// !$*UTF8*$!
{
	archiveVersion = 1;
	classes = {
	};
	objectVersion = 46;
	objects = {

/* Begin PBXBuildFile section */
		1D3623260D0F684500981E51 /* WRFL_on_the_iPhoneAppDelegate.m in Sources */ = {isa = PBXBuildFile; fileRef = 1D3623250D0F684500981E51 /* WRFL_on_the_iPhoneAppDelegate.m */; };
		1D60589B0D05DD56006BFB54 /* main.m in Sources */ = {isa = PBXBuildFile; fileRef = 29B97316FDCFA39411CA2CEA /* main.m */; };
		1D60589F0D05DD5A006BFB54 /* Foundation.framework in Frameworks */ = {isa = PBXBuildFile; fileRef = 1D30AB110D05D00D00671497 /* Foundation.framework */; };
		1DF5F4E00D08C38300B7A737 /* UIKit.framework in Frameworks */ = {isa = PBXBuildFile; fileRef = 1DF5F4DF0D08C38300B7A737 /* UIKit.framework */; };
		28216C970DB411BC00E5133A /* ListenViewController.m in Sources */ = {isa = PBXBuildFile; fileRef = 28216C960DB411BC00E5133A /* ListenViewController.m */; };
		282CCBFE0DB6C98000C4EA27 /* ListenView.xib in Resources */ = {isa = PBXBuildFile; fileRef = 282CCBFD0DB6C98000C4EA27 /* ListenView.xib */; };
		288765080DF74369002DB57D /* CoreGraphics.framework in Frameworks */ = {isa = PBXBuildFile; fileRef = 288765070DF74369002DB57D /* CoreGraphics.framework */; };
		28AD73880D9D96C1002E5188 /* MainWindow.xib in Resources */ = {isa = PBXBuildFile; fileRef = 28AD73870D9D96C1002E5188 /* MainWindow.xib */; };
		6A1BB7A8112444C200DB9E1A /* FMCallback.m in Sources */ = {isa = PBXBuildFile; fileRef = 6A1BB7A1112444C200DB9E1A /* FMCallback.m */; };
		6A1BB7A9112444C200DB9E1A /* FMEngine.m in Sources */ = {isa = PBXBuildFile; fileRef = 6A1BB7A3112444C200DB9E1A /* FMEngine.m */; };
		6A1BB7AA112444C200DB9E1A /* FMEngineURLConnection.m in Sources */ = {isa = PBXBuildFile; fileRef = 6A1BB7A5112444C200DB9E1A /* FMEngineURLConnection.m */; };
		6A1BB7AB112444C200DB9E1A /* NSString+FMEngine.m in Sources */ = {isa = PBXBuildFile; fileRef = 6A1BB7A7112444C200DB9E1A /* NSString+FMEngine.m */; };
		6A1BB7BA1124D4A600DB9E1A /* Security.framework in Frameworks */ = {isa = PBXBuildFile; fileRef = 6A1BB7B91124D4A600DB9E1A /* Security.framework */; };
		6A1BC7D311EDC03300512326 /* PlaylistView.xib in Resources */ = {isa = PBXBuildFile; fileRef = 6A1BC7D211EDC03300512326 /* PlaylistView.xib */; };
		6A1BC7D511EDC04700512326 /* ShowsView.xib in Resources */ = {isa = PBXBuildFile; fileRef = 6A1BC7D411EDC04700512326 /* ShowsView.xib */; };
		6A1BC7D711EDC07600512326 /* SettingsView.xib in Resources */ = {isa = PBXBuildFile; fileRef = 6A1BC7D611EDC07600512326 /* SettingsView.xib */; };
		6A1CDC6210F643EC00D6CFBE /* AudioStreamer.m in Sources */ = {isa = PBXBuildFile; fileRef = 6A1CDC6110F643EC00D6CFBE /* AudioStreamer.m */; };
		6A1CDC6410F643FB00D6CFBE /* wrfl-logo.png in Resources */ = {isa = PBXBuildFile; fileRef = 6A1CDC6310F643FB00D6CFBE /* wrfl-logo.png */; };
		6A1CDC6610F6460900D6CFBE /* CFNetwork.framework in Frameworks */ = {isa = PBXBuildFile; fileRef = 6A1CDC6510F6460900D6CFBE /* CFNetwork.framework */; };
		6A1CDC6810F6460900D6CFBE /* CoreLocation.framework in Frameworks */ = {isa = PBXBuildFile; fileRef = 6A1CDC6710F6460900D6CFBE /* CoreLocation.framework */; };
		6A1CDC6A10F6460900D6CFBE /* MediaPlayer.framework in Frameworks */ = {isa = PBXBuildFile; fileRef = 6A1CDC6910F6460900D6CFBE /* MediaPlayer.framework */; };
		6A1CDCAD10F64C5900D6CFBE /* AudioToolbox.framework in Frameworks */ = {isa = PBXBuildFile; fileRef = 6A1CDCAC10F64C5900D6CFBE /* AudioToolbox.framework */; };
		6A7D6B05111F434300694072 /* LastFm.m in Sources */ = {isa = PBXBuildFile; fileRef = 6A7D6B04111F434300694072 /* LastFm.m */; };
		6A7D6B30111F488400694072 /* NSObject+SBJSON.m in Sources */ = {isa = PBXBuildFile; fileRef = 6A7D6B25111F488300694072 /* NSObject+SBJSON.m */; };
		6A7D6B31111F488400694072 /* NSString+SBJSON.m in Sources */ = {isa = PBXBuildFile; fileRef = 6A7D6B27111F488400694072 /* NSString+SBJSON.m */; };
		6A7D6B32111F488400694072 /* SBJSON.m in Sources */ = {isa = PBXBuildFile; fileRef = 6A7D6B29111F488400694072 /* SBJSON.m */; };
		6A7D6B33111F488400694072 /* SBJsonBase.m in Sources */ = {isa = PBXBuildFile; fileRef = 6A7D6B2B111F488400694072 /* SBJsonBase.m */; };
		6A7D6B34111F488400694072 /* SBJsonParser.m in Sources */ = {isa = PBXBuildFile; fileRef = 6A7D6B2D111F488400694072 /* SBJsonParser.m */; };
		6A7D6B35111F488400694072 /* SBJsonWriter.m in Sources */ = {isa = PBXBuildFile; fileRef = 6A7D6B2F111F488400694072 /* SBJsonWriter.m */; };
		6A84D07A111F4F7E00EEF3BD /* ASIAuthenticationDialog.m in Sources */ = {isa = PBXBuildFile; fileRef = 6A84D06E111F4F7E00EEF3BD /* ASIAuthenticationDialog.m */; };
		6A84D07B111F4F7E00EEF3BD /* ASIFormDataRequest.m in Sources */ = {isa = PBXBuildFile; fileRef = 6A84D070111F4F7E00EEF3BD /* ASIFormDataRequest.m */; };
		6A84D07C111F4F7E00EEF3BD /* ASIHTTPRequest.m in Sources */ = {isa = PBXBuildFile; fileRef = 6A84D072111F4F7E00EEF3BD /* ASIHTTPRequest.m */; };
		6A84D07D111F4F7E00EEF3BD /* ASIInputStream.m in Sources */ = {isa = PBXBuildFile; fileRef = 6A84D075111F4F7E00EEF3BD /* ASIInputStream.m */; };
		6A84D07E111F4F7E00EEF3BD /* ASINetworkQueue.m in Sources */ = {isa = PBXBuildFile; fileRef = 6A84D077111F4F7E00EEF3BD /* ASINetworkQueue.m */; };
		6A84D07F111F4F7E00EEF3BD /* ASINSStringAdditions.m in Sources */ = {isa = PBXBuildFile; fileRef = 6A84D079111F4F7E00EEF3BD /* ASINSStringAdditions.m */; };
		6A84D082111F4F8800EEF3BD /* Reachability.m in Sources */ = {isa = PBXBuildFile; fileRef = 6A84D081111F4F8800EEF3BD /* Reachability.m */; };
		6A84D086111F4FD800EEF3BD /* SystemConfiguration.framework in Frameworks */ = {isa = PBXBuildFile; fileRef = 6A84D085111F4FD800EEF3BD /* SystemConfiguration.framework */; };
		6A84D088111F4FD800EEF3BD /* libz.1.2.3.dylib in Frameworks */ = {isa = PBXBuildFile; fileRef = 6A84D087111F4FD800EEF3BD /* libz.1.2.3.dylib */; };
		6AAFF734114D5EE40078E1D1 /* Song.m in Sources */ = {isa = PBXBuildFile; fileRef = 6AAFF733114D5EE40078E1D1 /* Song.m */; };
		6AAFF7A8114DB5B30078E1D1 /* album_bg.png in Resources */ = {isa = PBXBuildFile; fileRef = 6AAFF7A7114DB5B30078E1D1 /* album_bg.png */; };
		6AAFF7E2114DBB840078E1D1 /* QuartzCore.framework in Frameworks */ = {isa = PBXBuildFile; fileRef = 6AAFF7E1114DBB840078E1D1 /* QuartzCore.framework */; };
		6AAFF87A114ECE980078E1D1 /* playbutton.png in Resources */ = {isa = PBXBuildFile; fileRef = 6AAFF878114ECE980078E1D1 /* playbutton.png */; };
		6AAFF87B114ECE980078E1D1 /* stopbutton.png in Resources */ = {isa = PBXBuildFile; fileRef = 6AAFF879114ECE980078E1D1 /* stopbutton.png */; };
/* End PBXBuildFile section */

/* Begin PBXFileReference section */
		1D30AB110D05D00D00671497 /* Foundation.framework */ = {isa = PBXFileReference; lastKnownFileType = wrapper.framework; name = Foundation.framework; path = System/Library/Frameworks/Foundation.framework; sourceTree = SDKROOT; };
		1D3623240D0F684500981E51 /* WRFL_on_the_iPhoneAppDelegate.h */ = {isa = PBXFileReference; fileEncoding = 4; lastKnownFileType = sourcecode.c.h; path = WRFL_on_the_iPhoneAppDelegate.h; sourceTree = "<group>"; };
		1D3623250D0F684500981E51 /* WRFL_on_the_iPhoneAppDelegate.m */ = {isa = PBXFileReference; fileEncoding = 4; lastKnownFileType = sourcecode.c.objc; path = WRFL_on_the_iPhoneAppDelegate.m; sourceTree = "<group>"; };
		1D6058910D05DD3D006BFB54 /* WRFL-on-the-iPhone.app */ = {isa = PBXFileReference; explicitFileType = wrapper.application; includeInIndex = 0; path = "WRFL-on-the-iPhone.app"; sourceTree = BUILT_PRODUCTS_DIR; };
		1DF5F4DF0D08C38300B7A737 /* UIKit.framework */ = {isa = PBXFileReference; lastKnownFileType = wrapper.framework; name = UIKit.framework; path = System/Library/Frameworks/UIKit.framework; sourceTree = SDKROOT; };
		28216C950DB411BC00E5133A /* ListenViewController.h */ = {isa = PBXFileReference; fileEncoding = 4; lastKnownFileType = sourcecode.c.h; path = ListenViewController.h; sourceTree = "<group>"; };
		28216C960DB411BC00E5133A /* ListenViewController.m */ = {isa = PBXFileReference; fileEncoding = 4; lastKnownFileType = sourcecode.c.objc; path = ListenViewController.m; sourceTree = "<group>"; };
		282CCBFD0DB6C98000C4EA27 /* ListenView.xib */ = {isa = PBXFileReference; lastKnownFileType = file.xib; path = ListenView.xib; sourceTree = "<group>"; };
		288765070DF74369002DB57D /* CoreGraphics.framework */ = {isa = PBXFileReference; lastKnownFileType = wrapper.framework; name = CoreGraphics.framework; path = System/Library/Frameworks/CoreGraphics.framework; sourceTree = SDKROOT; };
		28A0AB4B0D9B1048005BE974 /* WRFL_on_the_iPhone_Prefix.pch */ = {isa = PBXFileReference; fileEncoding = 4; lastKnownFileType = sourcecode.c.h; path = WRFL_on_the_iPhone_Prefix.pch; sourceTree = "<group>"; };
		28AD73870D9D96C1002E5188 /* MainWindow.xib */ = {isa = PBXFileReference; lastKnownFileType = file.xib; path = MainWindow.xib; sourceTree = "<group>"; };
		29B97316FDCFA39411CA2CEA /* main.m */ = {isa = PBXFileReference; fileEncoding = 4; lastKnownFileType = sourcecode.c.objc; path = main.m; sourceTree = "<group>"; };
		6A1BB7A0112444C200DB9E1A /* FMCallback.h */ = {isa = PBXFileReference; fileEncoding = 4; lastKnownFileType = sourcecode.c.h; path = FMCallback.h; sourceTree = "<group>"; };
		6A1BB7A1112444C200DB9E1A /* FMCallback.m */ = {isa = PBXFileReference; fileEncoding = 4; lastKnownFileType = sourcecode.c.objc; path = FMCallback.m; sourceTree = "<group>"; };
		6A1BB7A2112444C200DB9E1A /* FMEngine.h_EXAMPLE */ = {isa = PBXFileReference; fileEncoding = 4; lastKnownFileType = text; path = FMEngine.h_EXAMPLE; sourceTree = "<group>"; };
		6A1BB7A3112444C200DB9E1A /* FMEngine.m */ = {isa = PBXFileReference; fileEncoding = 4; lastKnownFileType = sourcecode.c.objc; path = FMEngine.m; sourceTree = "<group>"; };
		6A1BB7A4112444C200DB9E1A /* FMEngineURLConnection.h */ = {isa = PBXFileReference; fileEncoding = 4; lastKnownFileType = sourcecode.c.h; path = FMEngineURLConnection.h; sourceTree = "<group>"; };
		6A1BB7A5112444C200DB9E1A /* FMEngineURLConnection.m */ = {isa = PBXFileReference; fileEncoding = 4; lastKnownFileType = sourcecode.c.objc; path = FMEngineURLConnection.m; sourceTree = "<group>"; };
		6A1BB7A6112444C200DB9E1A /* NSString+FMEngine.h */ = {isa = PBXFileReference; fileEncoding = 4; lastKnownFileType = sourcecode.c.h; path = "NSString+FMEngine.h"; sourceTree = "<group>"; };
		6A1BB7A7112444C200DB9E1A /* NSString+FMEngine.m */ = {isa = PBXFileReference; fileEncoding = 4; lastKnownFileType = sourcecode.c.objc; path = "NSString+FMEngine.m"; sourceTree = "<group>"; };
		6A1BB7B91124D4A600DB9E1A /* Security.framework */ = {isa = PBXFileReference; lastKnownFileType = wrapper.framework; name = Security.framework; path = System/Library/Frameworks/Security.framework; sourceTree = SDKROOT; };
		6A1BB7C11124D52500DB9E1A /* FMEngine.h */ = {isa = PBXFileReference; fileEncoding = 4; lastKnownFileType = sourcecode.c.h; path = FMEngine.h; sourceTree = "<group>"; };
		6A1BC7D211EDC03300512326 /* PlaylistView.xib */ = {isa = PBXFileReference; lastKnownFileType = file.xib; path = PlaylistView.xib; sourceTree = "<group>"; };
		6A1BC7D411EDC04700512326 /* ShowsView.xib */ = {isa = PBXFileReference; lastKnownFileType = file.xib; path = ShowsView.xib; sourceTree = "<group>"; };
		6A1BC7D611EDC07600512326 /* SettingsView.xib */ = {isa = PBXFileReference; lastKnownFileType = file.xib; path = SettingsView.xib; sourceTree = "<group>"; };
		6A1CDC6010F643EC00D6CFBE /* AudioStreamer.h */ = {isa = PBXFileReference; fileEncoding = 4; lastKnownFileType = sourcecode.c.h; path = AudioStreamer.h; sourceTree = "<group>"; };
		6A1CDC6110F643EC00D6CFBE /* AudioStreamer.m */ = {isa = PBXFileReference; fileEncoding = 4; lastKnownFileType = sourcecode.c.objc; path = AudioStreamer.m; sourceTree = "<group>"; };
		6A1CDC6310F643FB00D6CFBE /* wrfl-logo.png */ = {isa = PBXFileReference; lastKnownFileType = image.png; path = "wrfl-logo.png"; sourceTree = "<group>"; };
		6A1CDC6510F6460900D6CFBE /* CFNetwork.framework */ = {isa = PBXFileReference; lastKnownFileType = wrapper.framework; name = CFNetwork.framework; path = System/Library/Frameworks/CFNetwork.framework; sourceTree = SDKROOT; };
		6A1CDC6710F6460900D6CFBE /* CoreLocation.framework */ = {isa = PBXFileReference; lastKnownFileType = wrapper.framework; name = CoreLocation.framework; path = System/Library/Frameworks/CoreLocation.framework; sourceTree = SDKROOT; };
		6A1CDC6910F6460900D6CFBE /* MediaPlayer.framework */ = {isa = PBXFileReference; lastKnownFileType = wrapper.framework; name = MediaPlayer.framework; path = System/Library/Frameworks/MediaPlayer.framework; sourceTree = SDKROOT; };
		6A1CDCAC10F64C5900D6CFBE /* AudioToolbox.framework */ = {isa = PBXFileReference; lastKnownFileType = wrapper.framework; name = AudioToolbox.framework; path = System/Library/Frameworks/AudioToolbox.framework; sourceTree = SDKROOT; };
		6A7D6B03111F434300694072 /* LastFm.h */ = {isa = PBXFileReference; fileEncoding = 4; lastKnownFileType = sourcecode.c.h; path = LastFm.h; sourceTree = "<group>"; };
		6A7D6B04111F434300694072 /* LastFm.m */ = {isa = PBXFileReference; fileEncoding = 4; lastKnownFileType = sourcecode.c.objc; path = LastFm.m; sourceTree = "<group>"; };
		6A7D6B23111F488300694072 /* JSON.h */ = {isa = PBXFileReference; fileEncoding = 4; lastKnownFileType = sourcecode.c.h; path = JSON.h; sourceTree = "<group>"; };
		6A7D6B24111F488300694072 /* NSObject+SBJSON.h */ = {isa = PBXFileReference; fileEncoding = 4; lastKnownFileType = sourcecode.c.h; path = "NSObject+SBJSON.h"; sourceTree = "<group>"; };
		6A7D6B25111F488300694072 /* NSObject+SBJSON.m */ = {isa = PBXFileReference; fileEncoding = 4; lastKnownFileType = sourcecode.c.objc; path = "NSObject+SBJSON.m"; sourceTree = "<group>"; };
		6A7D6B26111F488300694072 /* NSString+SBJSON.h */ = {isa = PBXFileReference; fileEncoding = 4; lastKnownFileType = sourcecode.c.h; path = "NSString+SBJSON.h"; sourceTree = "<group>"; };
		6A7D6B27111F488400694072 /* NSString+SBJSON.m */ = {isa = PBXFileReference; fileEncoding = 4; lastKnownFileType = sourcecode.c.objc; path = "NSString+SBJSON.m"; sourceTree = "<group>"; };
		6A7D6B28111F488400694072 /* SBJSON.h */ = {isa = PBXFileReference; fileEncoding = 4; lastKnownFileType = sourcecode.c.h; path = SBJSON.h; sourceTree = "<group>"; };
		6A7D6B29111F488400694072 /* SBJSON.m */ = {isa = PBXFileReference; fileEncoding = 4; lastKnownFileType = sourcecode.c.objc; path = SBJSON.m; sourceTree = "<group>"; };
		6A7D6B2A111F488400694072 /* SBJsonBase.h */ = {isa = PBXFileReference; fileEncoding = 4; lastKnownFileType = sourcecode.c.h; path = SBJsonBase.h; sourceTree = "<group>"; };
		6A7D6B2B111F488400694072 /* SBJsonBase.m */ = {isa = PBXFileReference; fileEncoding = 4; lastKnownFileType = sourcecode.c.objc; path = SBJsonBase.m; sourceTree = "<group>"; };
		6A7D6B2C111F488400694072 /* SBJsonParser.h */ = {isa = PBXFileReference; fileEncoding = 4; lastKnownFileType = sourcecode.c.h; path = SBJsonParser.h; sourceTree = "<group>"; };
		6A7D6B2D111F488400694072 /* SBJsonParser.m */ = {isa = PBXFileReference; fileEncoding = 4; lastKnownFileType = sourcecode.c.objc; path = SBJsonParser.m; sourceTree = "<group>"; };
		6A7D6B2E111F488400694072 /* SBJsonWriter.h */ = {isa = PBXFileReference; fileEncoding = 4; lastKnownFileType = sourcecode.c.h; path = SBJsonWriter.h; sourceTree = "<group>"; };
		6A7D6B2F111F488400694072 /* SBJsonWriter.m */ = {isa = PBXFileReference; fileEncoding = 4; lastKnownFileType = sourcecode.c.objc; path = SBJsonWriter.m; sourceTree = "<group>"; };
		6A84D06D111F4F7E00EEF3BD /* ASIAuthenticationDialog.h */ = {isa = PBXFileReference; fileEncoding = 4; lastKnownFileType = sourcecode.c.h; path = ASIAuthenticationDialog.h; sourceTree = "<group>"; };
		6A84D06E111F4F7E00EEF3BD /* ASIAuthenticationDialog.m */ = {isa = PBXFileReference; fileEncoding = 4; lastKnownFileType = sourcecode.c.objc; path = ASIAuthenticationDialog.m; sourceTree = "<group>"; };
		6A84D06F111F4F7E00EEF3BD /* ASIFormDataRequest.h */ = {isa = PBXFileReference; fileEncoding = 4; lastKnownFileType = sourcecode.c.h; path = ASIFormDataRequest.h; sourceTree = "<group>"; };
		6A84D070111F4F7E00EEF3BD /* ASIFormDataRequest.m */ = {isa = PBXFileReference; fileEncoding = 4; lastKnownFileType = sourcecode.c.objc; path = ASIFormDataRequest.m; sourceTree = "<group>"; };
		6A84D071111F4F7E00EEF3BD /* ASIHTTPRequest.h */ = {isa = PBXFileReference; fileEncoding = 4; lastKnownFileType = sourcecode.c.h; path = ASIHTTPRequest.h; sourceTree = "<group>"; };
		6A84D072111F4F7E00EEF3BD /* ASIHTTPRequest.m */ = {isa = PBXFileReference; fileEncoding = 4; lastKnownFileType = sourcecode.c.objc; path = ASIHTTPRequest.m; sourceTree = "<group>"; };
		6A84D073111F4F7E00EEF3BD /* ASIHTTPRequestConfig.h */ = {isa = PBXFileReference; fileEncoding = 4; lastKnownFileType = sourcecode.c.h; path = ASIHTTPRequestConfig.h; sourceTree = "<group>"; };
		6A84D074111F4F7E00EEF3BD /* ASIInputStream.h */ = {isa = PBXFileReference; fileEncoding = 4; lastKnownFileType = sourcecode.c.h; path = ASIInputStream.h; sourceTree = "<group>"; };
		6A84D075111F4F7E00EEF3BD /* ASIInputStream.m */ = {isa = PBXFileReference; fileEncoding = 4; lastKnownFileType = sourcecode.c.objc; path = ASIInputStream.m; sourceTree = "<group>"; };
		6A84D076111F4F7E00EEF3BD /* ASINetworkQueue.h */ = {isa = PBXFileReference; fileEncoding = 4; lastKnownFileType = sourcecode.c.h; path = ASINetworkQueue.h; sourceTree = "<group>"; };
		6A84D077111F4F7E00EEF3BD /* ASINetworkQueue.m */ = {isa = PBXFileReference; fileEncoding = 4; lastKnownFileType = sourcecode.c.objc; path = ASINetworkQueue.m; sourceTree = "<group>"; };
		6A84D078111F4F7E00EEF3BD /* ASINSStringAdditions.h */ = {isa = PBXFileReference; fileEncoding = 4; lastKnownFileType = sourcecode.c.h; path = ASINSStringAdditions.h; sourceTree = "<group>"; };
		6A84D079111F4F7E00EEF3BD /* ASINSStringAdditions.m */ = {isa = PBXFileReference; fileEncoding = 4; lastKnownFileType = sourcecode.c.objc; path = ASINSStringAdditions.m; sourceTree = "<group>"; };
		6A84D080111F4F8800EEF3BD /* Reachability.h */ = {isa = PBXFileReference; fileEncoding = 4; lastKnownFileType = sourcecode.c.h; path = Reachability.h; sourceTree = "<group>"; };
		6A84D081111F4F8800EEF3BD /* Reachability.m */ = {isa = PBXFileReference; fileEncoding = 4; lastKnownFileType = sourcecode.c.objc; path = Reachability.m; sourceTree = "<group>"; };
		6A84D085111F4FD800EEF3BD /* SystemConfiguration.framework */ = {isa = PBXFileReference; lastKnownFileType = wrapper.framework; name = SystemConfiguration.framework; path = System/Library/Frameworks/SystemConfiguration.framework; sourceTree = SDKROOT; };
		6A84D087111F4FD800EEF3BD /* libz.1.2.3.dylib */ = {isa = PBXFileReference; lastKnownFileType = "compiled.mach-o.dylib"; name = libz.1.2.3.dylib; path = usr/lib/libz.1.2.3.dylib; sourceTree = SDKROOT; };
		6AAFF732114D5EE40078E1D1 /* Song.h */ = {isa = PBXFileReference; fileEncoding = 4; lastKnownFileType = sourcecode.c.h; path = Song.h; sourceTree = "<group>"; };
		6AAFF733114D5EE40078E1D1 /* Song.m */ = {isa = PBXFileReference; fileEncoding = 4; lastKnownFileType = sourcecode.c.objc; path = Song.m; sourceTree = "<group>"; };
		6AAFF7A7114DB5B30078E1D1 /* album_bg.png */ = {isa = PBXFileReference; lastKnownFileType = image.png; path = album_bg.png; sourceTree = "<group>"; };
		6AAFF7E1114DBB840078E1D1 /* QuartzCore.framework */ = {isa = PBXFileReference; lastKnownFileType = wrapper.framework; name = QuartzCore.framework; path = System/Library/Frameworks/QuartzCore.framework; sourceTree = SDKROOT; };
		6AAFF878114ECE980078E1D1 /* playbutton.png */ = {isa = PBXFileReference; lastKnownFileType = image.png; path = playbutton.png; sourceTree = "<group>"; };
		6AAFF879114ECE980078E1D1 /* stopbutton.png */ = {isa = PBXFileReference; lastKnownFileType = image.png; path = stopbutton.png; sourceTree = "<group>"; };
		8D1107310486CEB800E47090 /* WRFL_on_the_iPhone-Info.plist */ = {isa = PBXFileReference; fileEncoding = 4; lastKnownFileType = text.plist.xml; path = "WRFL_on_the_iPhone-Info.plist"; plistStructureDefinitionIdentifier = "com.apple.xcode.plist.structure-definition.iphone.info-plist"; sourceTree = "<group>"; };
/* End PBXFileReference section */

/* Begin PBXFrameworksBuildPhase section */
		1D60588F0D05DD3D006BFB54 /* Frameworks */ = {
			isa = PBXFrameworksBuildPhase;
			buildActionMask = 2147483647;
			files = (
				1D60589F0D05DD5A006BFB54 /* Foundation.framework in Frameworks */,
				1DF5F4E00D08C38300B7A737 /* UIKit.framework in Frameworks */,
				288765080DF74369002DB57D /* CoreGraphics.framework in Frameworks */,
				6A1CDC6610F6460900D6CFBE /* CFNetwork.framework in Frameworks */,
				6A1CDC6810F6460900D6CFBE /* CoreLocation.framework in Frameworks */,
				6A1CDC6A10F6460900D6CFBE /* MediaPlayer.framework in Frameworks */,
				6A1CDCAD10F64C5900D6CFBE /* AudioToolbox.framework in Frameworks */,
				6A84D086111F4FD800EEF3BD /* SystemConfiguration.framework in Frameworks */,
				6A84D088111F4FD800EEF3BD /* libz.1.2.3.dylib in Frameworks */,
				6A1BB7BA1124D4A600DB9E1A /* Security.framework in Frameworks */,
				6AAFF7E2114DBB840078E1D1 /* QuartzCore.framework in Frameworks */,
			);
			runOnlyForDeploymentPostprocessing = 0;
		};
/* End PBXFrameworksBuildPhase section */

/* Begin PBXGroup section */
		080E96DDFE201D6D7F000001 /* Classes */ = {
			isa = PBXGroup;
			children = (
				6A1BB79F112444C200DB9E1A /* FMEngine */,
				6A84D06B111F4F6A00EEF3BD /* ASIHTTPRequest */,
				6A7D6B22111F488300694072 /* JSON */,
				6A7D6B06111F435000694072 /* Content */,
				6A1CDC5F10F643D200D6CFBE /* Streaming */,
				28216C950DB411BC00E5133A /* ListenViewController.h */,
				28216C960DB411BC00E5133A /* ListenViewController.m */,
				1D3623240D0F684500981E51 /* WRFL_on_the_iPhoneAppDelegate.h */,
				1D3623250D0F684500981E51 /* WRFL_on_the_iPhoneAppDelegate.m */,
				6AAFF732114D5EE40078E1D1 /* Song.h */,
				6AAFF733114D5EE40078E1D1 /* Song.m */,
			);
			path = Classes;
			sourceTree = "<group>";
		};
		19C28FACFE9D520D11CA2CBB /* Products */ = {
			isa = PBXGroup;
			children = (
				1D6058910D05DD3D006BFB54 /* WRFL-on-the-iPhone.app */,
			);
			name = Products;
			sourceTree = "<group>";
		};
		29B97314FDCFA39411CA2CEA /* WRFL-on-the-iPhone */ = {
			isa = PBXGroup;
			children = (
				080E96DDFE201D6D7F000001 /* Classes */,
				29B97315FDCFA39411CA2CEA /* Other Sources */,
				29B97317FDCFA39411CA2CEA /* Resources */,
				29B97323FDCFA39411CA2CEA /* Frameworks */,
				19C28FACFE9D520D11CA2CBB /* Products */,
				6A1CDCAC10F64C5900D6CFBE /* AudioToolbox.framework */,
				6A84D085111F4FD800EEF3BD /* SystemConfiguration.framework */,
				6A84D087111F4FD800EEF3BD /* libz.1.2.3.dylib */,
			);
			name = "WRFL-on-the-iPhone";
			sourceTree = "<group>";
		};
		29B97315FDCFA39411CA2CEA /* Other Sources */ = {
			isa = PBXGroup;
			children = (
				28A0AB4B0D9B1048005BE974 /* WRFL_on_the_iPhone_Prefix.pch */,
				29B97316FDCFA39411CA2CEA /* main.m */,
			);
			name = "Other Sources";
			sourceTree = "<group>";
		};
		29B97317FDCFA39411CA2CEA /* Resources */ = {
			isa = PBXGroup;
			children = (
				6AAFF878114ECE980078E1D1 /* playbutton.png */,
				6AAFF879114ECE980078E1D1 /* stopbutton.png */,
				6AAFF7A7114DB5B30078E1D1 /* album_bg.png */,
				6A1CDC6310F643FB00D6CFBE /* wrfl-logo.png */,
				28AD73870D9D96C1002E5188 /* MainWindow.xib */,
				282CCBFD0DB6C98000C4EA27 /* ListenView.xib */,
				6A1BC7D211EDC03300512326 /* PlaylistView.xib */,
				6A1BC7D411EDC04700512326 /* ShowsView.xib */,
				6A1BC7D611EDC07600512326 /* SettingsView.xib */,
				8D1107310486CEB800E47090 /* WRFL_on_the_iPhone-Info.plist */,
			);
			name = Resources;
			sourceTree = "<group>";
		};
		29B97323FDCFA39411CA2CEA /* Frameworks */ = {
			isa = PBXGroup;
			children = (
				1DF5F4DF0D08C38300B7A737 /* UIKit.framework */,
				1D30AB110D05D00D00671497 /* Foundation.framework */,
				288765070DF74369002DB57D /* CoreGraphics.framework */,
				6A1CDC6510F6460900D6CFBE /* CFNetwork.framework */,
				6A1CDC6710F6460900D6CFBE /* CoreLocation.framework */,
				6A1CDC6910F6460900D6CFBE /* MediaPlayer.framework */,
				6A1BB7B91124D4A600DB9E1A /* Security.framework */,
				6AAFF7E1114DBB840078E1D1 /* QuartzCore.framework */,
			);
			name = Frameworks;
			sourceTree = "<group>";
		};
		6A1BB79F112444C200DB9E1A /* FMEngine */ = {
			isa = PBXGroup;
			children = (
				6A1BB7A0112444C200DB9E1A /* FMCallback.h */,
				6A1BB7A1112444C200DB9E1A /* FMCallback.m */,
				6A1BB7A2112444C200DB9E1A /* FMEngine.h_EXAMPLE */,
				6A1BB7C11124D52500DB9E1A /* FMEngine.h */,
				6A1BB7A3112444C200DB9E1A /* FMEngine.m */,
				6A1BB7A4112444C200DB9E1A /* FMEngineURLConnection.h */,
				6A1BB7A5112444C200DB9E1A /* FMEngineURLConnection.m */,
				6A1BB7A6112444C200DB9E1A /* NSString+FMEngine.h */,
				6A1BB7A7112444C200DB9E1A /* NSString+FMEngine.m */,
			);
			path = FMEngine;
			sourceTree = "<group>";
		};
		6A1CDC5F10F643D200D6CFBE /* Streaming */ = {
			isa = PBXGroup;
			children = (
				6A1CDC6010F643EC00D6CFBE /* AudioStreamer.h */,
				6A1CDC6110F643EC00D6CFBE /* AudioStreamer.m */,
			);
			name = Streaming;
			sourceTree = "<group>";
		};
		6A7D6B06111F435000694072 /* Content */ = {
			isa = PBXGroup;
			children = (
				6A7D6B03111F434300694072 /* LastFm.h */,
				6A7D6B04111F434300694072 /* LastFm.m */,
			);
			name = Content;
			sourceTree = "<group>";
		};
		6A7D6B22111F488300694072 /* JSON */ = {
			isa = PBXGroup;
			children = (
				6A7D6B23111F488300694072 /* JSON.h */,
				6A7D6B24111F488300694072 /* NSObject+SBJSON.h */,
				6A7D6B25111F488300694072 /* NSObject+SBJSON.m */,
				6A7D6B26111F488300694072 /* NSString+SBJSON.h */,
				6A7D6B27111F488400694072 /* NSString+SBJSON.m */,
				6A7D6B28111F488400694072 /* SBJSON.h */,
				6A7D6B29111F488400694072 /* SBJSON.m */,
				6A7D6B2A111F488400694072 /* SBJsonBase.h */,
				6A7D6B2B111F488400694072 /* SBJsonBase.m */,
				6A7D6B2C111F488400694072 /* SBJsonParser.h */,
				6A7D6B2D111F488400694072 /* SBJsonParser.m */,
				6A7D6B2E111F488400694072 /* SBJsonWriter.h */,
				6A7D6B2F111F488400694072 /* SBJsonWriter.m */,
			);
			path = JSON;
			sourceTree = "<group>";
		};
		6A84D06B111F4F6A00EEF3BD /* ASIHTTPRequest */ = {
			isa = PBXGroup;
			children = (
				6A84D080111F4F8800EEF3BD /* Reachability.h */,
				6A84D081111F4F8800EEF3BD /* Reachability.m */,
				6A84D06D111F4F7E00EEF3BD /* ASIAuthenticationDialog.h */,
				6A84D06E111F4F7E00EEF3BD /* ASIAuthenticationDialog.m */,
				6A84D06F111F4F7E00EEF3BD /* ASIFormDataRequest.h */,
				6A84D070111F4F7E00EEF3BD /* ASIFormDataRequest.m */,
				6A84D071111F4F7E00EEF3BD /* ASIHTTPRequest.h */,
				6A84D072111F4F7E00EEF3BD /* ASIHTTPRequest.m */,
				6A84D073111F4F7E00EEF3BD /* ASIHTTPRequestConfig.h */,
				6A84D074111F4F7E00EEF3BD /* ASIInputStream.h */,
				6A84D075111F4F7E00EEF3BD /* ASIInputStream.m */,
				6A84D076111F4F7E00EEF3BD /* ASINetworkQueue.h */,
				6A84D077111F4F7E00EEF3BD /* ASINetworkQueue.m */,
				6A84D078111F4F7E00EEF3BD /* ASINSStringAdditions.h */,
				6A84D079111F4F7E00EEF3BD /* ASINSStringAdditions.m */,
			);
			name = ASIHTTPRequest;
			sourceTree = "<group>";
		};
/* End PBXGroup section */

/* Begin PBXNativeTarget section */
		1D6058900D05DD3D006BFB54 /* WRFL-on-the-iPhone */ = {
			isa = PBXNativeTarget;
			buildConfigurationList = 1D6058960D05DD3E006BFB54 /* Build configuration list for PBXNativeTarget "WRFL-on-the-iPhone" */;
			buildPhases = (
				1D60588D0D05DD3D006BFB54 /* Resources */,
				1D60588E0D05DD3D006BFB54 /* Sources */,
				1D60588F0D05DD3D006BFB54 /* Frameworks */,
			);
			buildRules = (
			);
			dependencies = (
			);
			name = "WRFL-on-the-iPhone";
			productName = "WRFL-on-the-iPhone";
			productReference = 1D6058910D05DD3D006BFB54 /* WRFL-on-the-iPhone.app */;
			productType = "com.apple.product-type.application";
		};
/* End PBXNativeTarget section */

/* Begin PBXProject section */
		29B97313FDCFA39411CA2CEA /* Project object */ = {
			isa = PBXProject;
			buildConfigurationList = C01FCF4E08A954540054247B /* Build configuration list for PBXProject "WRFL-on-the-iPhone" */;
			compatibilityVersion = "Xcode 3.2";
			hasScannedForEncodings = 1;
			mainGroup = 29B97314FDCFA39411CA2CEA /* WRFL-on-the-iPhone */;
			projectDirPath = "";
			projectRoot = "";
			targets = (
				1D6058900D05DD3D006BFB54 /* WRFL-on-the-iPhone */,
			);
		};
/* End PBXProject section */

/* Begin PBXResourcesBuildPhase section */
		1D60588D0D05DD3D006BFB54 /* Resources */ = {
			isa = PBXResourcesBuildPhase;
			buildActionMask = 2147483647;
			files = (
				28AD73880D9D96C1002E5188 /* MainWindow.xib in Resources */,
				282CCBFE0DB6C98000C4EA27 /* ListenView.xib in Resources */,
				6A1CDC6410F643FB00D6CFBE /* wrfl-logo.png in Resources */,
				6AAFF7A8114DB5B30078E1D1 /* album_bg.png in Resources */,
				6AAFF87A114ECE980078E1D1 /* playbutton.png in Resources */,
				6AAFF87B114ECE980078E1D1 /* stopbutton.png in Resources */,
				6A1BC7D311EDC03300512326 /* PlaylistView.xib in Resources */,
				6A1BC7D511EDC04700512326 /* ShowsView.xib in Resources */,
				6A1BC7D711EDC07600512326 /* SettingsView.xib in Resources */,
			);
			runOnlyForDeploymentPostprocessing = 0;
		};
/* End PBXResourcesBuildPhase section */

/* Begin PBXSourcesBuildPhase section */
		1D60588E0D05DD3D006BFB54 /* Sources */ = {
			isa = PBXSourcesBuildPhase;
			buildActionMask = 2147483647;
			files = (
				1D60589B0D05DD56006BFB54 /* main.m in Sources */,
				1D3623260D0F684500981E51 /* WRFL_on_the_iPhoneAppDelegate.m in Sources */,
				28216C970DB411BC00E5133A /* ListenViewController.m in Sources */,
				6A1CDC6210F643EC00D6CFBE /* AudioStreamer.m in Sources */,
				6A7D6B05111F434300694072 /* LastFm.m in Sources */,
				6A7D6B30111F488400694072 /* NSObject+SBJSON.m in Sources */,
				6A7D6B31111F488400694072 /* NSString+SBJSON.m in Sources */,
				6A7D6B32111F488400694072 /* SBJSON.m in Sources */,
				6A7D6B33111F488400694072 /* SBJsonBase.m in Sources */,
				6A7D6B34111F488400694072 /* SBJsonParser.m in Sources */,
				6A7D6B35111F488400694072 /* SBJsonWriter.m in Sources */,
				6A84D07A111F4F7E00EEF3BD /* ASIAuthenticationDialog.m in Sources */,
				6A84D07B111F4F7E00EEF3BD /* ASIFormDataRequest.m in Sources */,
				6A84D07C111F4F7E00EEF3BD /* ASIHTTPRequest.m in Sources */,
				6A84D07D111F4F7E00EEF3BD /* ASIInputStream.m in Sources */,
				6A84D07E111F4F7E00EEF3BD /* ASINetworkQueue.m in Sources */,
				6A84D07F111F4F7E00EEF3BD /* ASINSStringAdditions.m in Sources */,
				6A84D082111F4F8800EEF3BD /* Reachability.m in Sources */,
				6A1BB7A8112444C200DB9E1A /* FMCallback.m in Sources */,
				6A1BB7A9112444C200DB9E1A /* FMEngine.m in Sources */,
				6A1BB7AA112444C200DB9E1A /* FMEngineURLConnection.m in Sources */,
				6A1BB7AB112444C200DB9E1A /* NSString+FMEngine.m in Sources */,
				6AAFF734114D5EE40078E1D1 /* Song.m in Sources */,
			);
			runOnlyForDeploymentPostprocessing = 0;
		};
/* End PBXSourcesBuildPhase section */

/* Begin XCBuildConfiguration section */
		1D6058940D05DD3E006BFB54 /* Debug */ = {
			isa = XCBuildConfiguration;
			buildSettings = {
				ALWAYS_SEARCH_USER_PATHS = NO;
				COPY_PHASE_STRIP = NO;
				GCC_DYNAMIC_NO_PIC = NO;
				GCC_OPTIMIZATION_LEVEL = 0;
				GCC_PRECOMPILE_PREFIX_HEADER = YES;
				GCC_PREFIX_HEADER = WRFL_on_the_iPhone_Prefix.pch;
				INFOPLIST_FILE = "WRFL_on_the_iPhone-Info.plist";
				PRODUCT_NAME = "WRFL-on-the-iPhone";
			};
			name = Debug;
		};
		1D6058950D05DD3E006BFB54 /* Release */ = {
			isa = XCBuildConfiguration;
			buildSettings = {
				ALWAYS_SEARCH_USER_PATHS = NO;
				COPY_PHASE_STRIP = YES;
				GCC_PRECOMPILE_PREFIX_HEADER = YES;
				GCC_PREFIX_HEADER = WRFL_on_the_iPhone_Prefix.pch;
				INFOPLIST_FILE = "WRFL_on_the_iPhone-Info.plist";
				PRODUCT_NAME = "WRFL-on-the-iPhone";
			};
			name = Release;
		};
		C01FCF4F08A954540054247B /* Debug */ = {
			isa = XCBuildConfiguration;
			buildSettings = {
				ARCHS = "$(ARCHS_STANDARD_32_BIT)";
				"CODE_SIGN_IDENTITY[sdk=iphoneos*]" = "iPhone Developer";
				GCC_C_LANGUAGE_STANDARD = c99;
				GCC_WARN_ABOUT_RETURN_TYPE = YES;
				GCC_WARN_UNUSED_VARIABLE = YES;
				PREBINDING = NO;
				"PROVISIONING_PROFILE[sdk=iphoneos*]" = "";
				SDKROOT = iphoneos4.0;
				TARGETED_DEVICE_FAMILY = 1;
			};
			name = Debug;
		};
		C01FCF5008A954540054247B /* Release */ = {
			isa = XCBuildConfiguration;
			buildSettings = {
				ARCHS = "$(ARCHS_STANDARD_32_BIT)";
				"CODE_SIGN_IDENTITY[sdk=iphoneos*]" = "iPhone Developer";
				GCC_C_LANGUAGE_STANDARD = c99;
				GCC_WARN_ABOUT_RETURN_TYPE = YES;
				GCC_WARN_UNUSED_VARIABLE = YES;
				PREBINDING = NO;
				SDKROOT = iphoneos4.0;
			};
			name = Release;
		};
/* End XCBuildConfiguration section */

/* Begin XCConfigurationList section */
		1D6058960D05DD3E006BFB54 /* Build configuration list for PBXNativeTarget "WRFL-on-the-iPhone" */ = {
			isa = XCConfigurationList;
			buildConfigurations = (
				1D6058940D05DD3E006BFB54 /* Debug */,
				1D6058950D05DD3E006BFB54 /* Release */,
			);
			defaultConfigurationIsVisible = 0;
			defaultConfigurationName = Release;
		};
		C01FCF4E08A954540054247B /* Build configuration list for PBXProject "WRFL-on-the-iPhone" */ = {
			isa = XCConfigurationList;
			buildConfigurations = (
				C01FCF4F08A954540054247B /* Debug */,
				C01FCF5008A954540054247B /* Release */,
			);
			defaultConfigurationIsVisible = 0;
			defaultConfigurationName = Release;
		};
/* End XCConfigurationList section */
	};
	rootObject = 29B97313FDCFA39411CA2CEA /* Project object */;
}
